PODS:
  - Socket.IO-Client-Swift (15.0.0):
    - Starscream (~> 3.1)
  - Starscream (3.1.0)
  - SwiftProtobuf (1.5.0)

DEPENDENCIES:
  - Socket.IO-Client-Swift
  - Starscream
  - SwiftProtobuf

SPEC REPOS:
  https://github.com/cocoapods/specs.git:
    - Socket.IO-Client-Swift
    - Starscream
    - SwiftProtobuf

SPEC CHECKSUMS:
  Socket.IO-Client-Swift: c039a808195d22a7192962841b8c035cb61ea49e
  Starscream: 08172b481e145289c4930cb567230fb55897cfa4
  SwiftProtobuf: 241400280f912735c1e1b9fe675fdd2c6c4d42e2

PODFILE CHECKSUM: b043784f7ddab2e2657410ac84f5ab1c3fc04151

COCOAPODS: 1.6.2
